
Microsoft Visual Studio Solution File, Format Version 12.00
# Visual Studio 15
Project("{FAE04EC0-301F-11D3-BF4B-00C04F79EFBC}") = "Assembly-CSharp", "Assembly-CSharp.csproj", "{87257DB4-584F-FEBC-708D-A3523C97E09D}"
EndProject
Project("{FAE04EC0-301F-11D3-BF4B-00C04F79EFBC}") = "Assembly-CSharp-Editor", "Assembly-CSharp-Editor.csproj", "{D3044B5B-8821-F98B-4EFA-418ADD3E36AD}"
EndProject
Global
	GlobalSection(SolutionConfigurationPlatforms) = preSolution
		Debug|Any CPU = Debug|Any CPU
		Release|Any CPU = Release|Any CPU
	EndGlobalSection
	GlobalSection(ProjectConfigurationPlatforms) = postSolution
		{87257DB4-584F-FEBC-708D-A3523C97E09D}.Debug|Any CPU.ActiveCfg = Debug|Any CPU
		{87257DB4-584F-FEBC-708D-A3523C97E09D}.Debug|Any CPU.Build.0 = Debug|Any CPU
		{87257DB4-584F-FEBC-708D-A3523C97E09D}.Release|Any CPU.ActiveCfg = Release|Any CPU
		{87257DB4-584F-FEBC-708D-A3523C97E09D}.Release|Any CPU.Build.0 = Release|Any CPU
		{D3044B5B-8821-F98B-4EFA-418ADD3E36AD}.Debug|Any CPU.ActiveCfg = Debug|Any CPU
		{D3044B5B-8821-F98B-4EFA-418ADD3E36AD}.Debug|Any CPU.Build.0 = Debug|Any CPU
		{D3044B5B-8821-F98B-4EFA-418ADD3E36AD}.Release|Any CPU.ActiveCfg = Release|Any CPU
		{D3044B5B-8821-F98B-4EFA-418ADD3E36AD}.Release|Any CPU.Build.0 = Release|Any CPU
	EndGlobalSection
	GlobalSection(SolutionProperties) = preSolution
		HideSolutionNode = FALSE
	EndGlobalSection
EndGlobal
